
Microsoft Visual Studio Solution File, Format Version 12.00
# Visual Studio 15
VisualStudioVersion = 15.0.27130.2036
MinimumVisualStudioVersion = 10.0.40219.1
Project("{FAE04EC0-301F-11D3-BF4B-00C04F79EFBC}") = "southbound_API", "southbound_API\southbound_API\southbound_API.csproj", "{C8149FFE-3ED1-45A2-BD69-12130A60BF53}"
EndProject
Project("{FAE04EC0-301F-11D3-BF4B-00C04F79EFBC}") = "NancyApp", "NancyApp\NancyApp.csproj", "{244DC508-E8B3-424C-AF89-F3B79245AA97}"
EndProject
Project("{FAE04EC0-301F-11D3-BF4B-00C04F79EFBC}") = "IoTProjectApp", "IoTProjectApp\IoTProjectApp.csproj", "{C4FBCB4D-BB38-46AF-A6CB-AB48C3579A8E}"
	ProjectSection(ProjectDependencies) = postProject
		{C8149FFE-3ED1-45A2-BD69-12130A60BF53} = {C8149FFE-3ED1-45A2-BD69-12130A60BF53}
	EndProjectSection
EndProject
Project("{FAE04EC0-301F-11D3-BF4B-00C04F79EFBC}") = "CloudInteractions", "CloudInteractions\CloudInteractions.csproj", "{753BC2BB-E4CF-4197-A3E6-20CA97250E89}"
EndProject
Global
	GlobalSection(SolutionConfigurationPlatforms) = preSolution
		Debug|Any CPU = Debug|Any CPU
		Release|Any CPU = Release|Any CPU
	EndGlobalSection
	GlobalSection(ProjectConfigurationPlatforms) = postSolution
		{C8149FFE-3ED1-45A2-BD69-12130A60BF53}.Debug|Any CPU.ActiveCfg = Debug|Any CPU
		{C8149FFE-3ED1-45A2-BD69-12130A60BF53}.Debug|Any CPU.Build.0 = Debug|Any CPU
		{C8149FFE-3ED1-45A2-BD69-12130A60BF53}.Release|Any CPU.ActiveCfg = Release|Any CPU
		{C8149FFE-3ED1-45A2-BD69-12130A60BF53}.Release|Any CPU.Build.0 = Release|Any CPU
		{244DC508-E8B3-424C-AF89-F3B79245AA97}.Debug|Any CPU.ActiveCfg = Debug|Any CPU
		{244DC508-E8B3-424C-AF89-F3B79245AA97}.Debug|Any CPU.Build.0 = Debug|Any CPU
		{244DC508-E8B3-424C-AF89-F3B79245AA97}.Release|Any CPU.ActiveCfg = Release|Any CPU
		{244DC508-E8B3-424C-AF89-F3B79245AA97}.Release|Any CPU.Build.0 = Release|Any CPU
		{C4FBCB4D-BB38-46AF-A6CB-AB48C3579A8E}.Debug|Any CPU.ActiveCfg = Debug|Any CPU
		{C4FBCB4D-BB38-46AF-A6CB-AB48C3579A8E}.Debug|Any CPU.Build.0 = Debug|Any CPU
		{C4FBCB4D-BB38-46AF-A6CB-AB48C3579A8E}.Release|Any CPU.ActiveCfg = Release|Any CPU
		{C4FBCB4D-BB38-46AF-A6CB-AB48C3579A8E}.Release|Any CPU.Build.0 = Release|Any CPU
		{753BC2BB-E4CF-4197-A3E6-20CA97250E89}.Debug|Any CPU.ActiveCfg = Debug|Any CPU
		{753BC2BB-E4CF-4197-A3E6-20CA97250E89}.Debug|Any CPU.Build.0 = Debug|Any CPU
		{753BC2BB-E4CF-4197-A3E6-20CA97250E89}.Release|Any CPU.ActiveCfg = Release|Any CPU
		{753BC2BB-E4CF-4197-A3E6-20CA97250E89}.Release|Any CPU.Build.0 = Release|Any CPU
	EndGlobalSection
	GlobalSection(SolutionProperties) = preSolution
		HideSolutionNode = FALSE
	EndGlobalSection
	GlobalSection(ExtensibilityGlobals) = postSolution
		SolutionGuid = {77FAA27C-9E26-4C0E-909D-2A88E3B54F55}
	EndGlobalSection
EndGlobal
